
Microsoft Visual Studio Solution File, Format Version 12.00
# Visual Studio Version 17
VisualStudioVersion = 17.1.32210.238
MinimumVisualStudioVersion = 10.0.40219.1
Project("{FAE04EC0-301F-11D3-BF4B-00C04F79EFBC}") = "ChessBoard1", "ChessBoard1\ChessBoard1.csproj", "{4452C391-5A75-4607-B4D2-0E3CBE4BAED8}"
EndProject
Global
	GlobalSection(SolutionConfigurationPlatforms) = preSolution
		Debug|Any CPU = Debug|Any CPU
		Release|Any CPU = Release|Any CPU
	EndGlobalSection
	GlobalSection(ProjectConfigurationPlatforms) = postSolution
		{4452C391-5A75-4607-B4D2-0E3CBE4BAED8}.Debug|Any CPU.ActiveCfg = Debug|Any CPU
		{4452C391-5A75-4607-B4D2-0E3CBE4BAED8}.Debug|Any CPU.Build.0 = Debug|Any CPU
		{4452C391-5A75-4607-B4D2-0E3CBE4BAED8}.Release|Any CPU.ActiveCfg = Release|Any CPU
		{4452C391-5A75-4607-B4D2-0E3CBE4BAED8}.Release|Any CPU.Build.0 = Release|Any CPU
	EndGlobalSection
	GlobalSection(SolutionProperties) = preSolution
		HideSolutionNode = FALSE
	EndGlobalSection
	GlobalSection(ExtensibilityGlobals) = postSolution
		SolutionGuid = {D4FC0035-6084-44BF-886B-D7D1920525FC}
	EndGlobalSection
EndGlobal
